PODS:
  - NSLayoutConstraint+Reset (0.1.0)

DEPENDENCIES:
  - NSLayoutConstraint+Reset (from `../`)

EXTERNAL SOURCES:
  NSLayoutConstraint+Reset:
    :path: "../"

SPEC CHECKSUMS:
  NSLayoutConstraint+Reset: 2dbd60e4989f5babc39987980e636c6e6e61d3ec

PODFILE CHECKSUM: 1283b556be005c65684109af725498d25668567f

COCOAPODS: 1.0.1
